// !$*UTF8*$!
{
	archiveVersion = 1;
	classes = {
	};
	objectVersion = 50;
	objects = {

/* Begin PBXBuildFile section */
		004CC8BD228303CD0038EC21 /* AppDelegate.swift in Sources */ = {isa = PBXBuildFile; fileRef = 004CC8BC228303CD0038EC21 /* AppDelegate.swift */; };
		004CC8C4228303D00038EC21 /* Assets.xcassets in Resources */ = {isa = PBXBuildFile; fileRef = 004CC8C3228303D00038EC21 /* Assets.xcassets */; };
		004CC8C7228303D00038EC21 /* LaunchScreen.storyboard in Resources */ = {isa = PBXBuildFile; fileRef = 004CC8C5228303D00038EC21 /* LaunchScreen.storyboard */; };
		004CC8D1228304B50038EC21 /* ListCaseViewController.swift in Sources */ = {isa = PBXBuildFile; fileRef = 004CC8D0228304B50038EC21 /* ListCaseViewController.swift */; };
		004CC8D3228304D90038EC21 /* BaseCollectionView.swift in Sources */ = {isa = PBXBuildFile; fileRef = 004CC8D2228304D90038EC21 /* BaseCollectionView.swift */; };
		004CC8D522830C290038EC21 /* ListCaseCollectionViewCell.swift in Sources */ = {isa = PBXBuildFile; fileRef = 004CC8D422830C290038EC21 /* ListCaseCollectionViewCell.swift */; };
		004CC8D7228311F40038EC21 /* DetailViewController.swift in Sources */ = {isa = PBXBuildFile; fileRef = 004CC8D6228311F40038EC21 /* DetailViewController.swift */; };
		00CE58652284326E0095637F /* DetailView.swift in Sources */ = {isa = PBXBuildFile; fileRef = 00CE58642284326E0095637F /* DetailView.swift */; };
		00CE58672284504A0095637F /* CardView.swift in Sources */ = {isa = PBXBuildFile; fileRef = 00CE58662284504A0095637F /* CardView.swift */; };
		7B7A30BF7FCB23DCC6001383 /* Pods_Project_Tes.framework in Frameworks */ = {isa = PBXBuildFile; fileRef = D4E44015193BF81F3B2DC587 /* Pods_Project_Tes.framework */; };
/* End PBXBuildFile section */

/* Begin PBXFileReference section */
		004CC8B9228303CD0038EC21 /* Project Tes.app */ = {isa = PBXFileReference; explicitFileType = wrapper.application; includeInIndex = 0; path = "Project Tes.app"; sourceTree = BUILT_PRODUCTS_DIR; };
		004CC8BC228303CD0038EC21 /* AppDelegate.swift */ = {isa = PBXFileReference; lastKnownFileType = sourcecode.swift; path = AppDelegate.swift; sourceTree = "<group>"; };
		004CC8C3228303D00038EC21 /* Assets.xcassets */ = {isa = PBXFileReference; lastKnownFileType = folder.assetcatalog; path = Assets.xcassets; sourceTree = "<group>"; };
		004CC8C6228303D00038EC21 /* Base */ = {isa = PBXFileReference; lastKnownFileType = file.storyboard; name = Base; path = Base.lproj/LaunchScreen.storyboard; sourceTree = "<group>"; };
		004CC8C8228303D00038EC21 /* Info.plist */ = {isa = PBXFileReference; lastKnownFileType = text.plist.xml; path = Info.plist; sourceTree = "<group>"; };
		004CC8D0228304B50038EC21 /* ListCaseViewController.swift */ = {isa = PBXFileReference; lastKnownFileType = sourcecode.swift; path = ListCaseViewController.swift; sourceTree = "<group>"; };
		004CC8D2228304D90038EC21 /* BaseCollectionView.swift */ = {isa = PBXFileReference; lastKnownFileType = sourcecode.swift; path = BaseCollectionView.swift; sourceTree = "<group>"; };
		004CC8D422830C290038EC21 /* ListCaseCollectionViewCell.swift */ = {isa = PBXFileReference; lastKnownFileType = sourcecode.swift; path = ListCaseCollectionViewCell.swift; sourceTree = "<group>"; };
		004CC8D6228311F40038EC21 /* DetailViewController.swift */ = {isa = PBXFileReference; lastKnownFileType = sourcecode.swift; path = DetailViewController.swift; sourceTree = "<group>"; };
		00CE58642284326E0095637F /* DetailView.swift */ = {isa = PBXFileReference; lastKnownFileType = sourcecode.swift; path = DetailView.swift; sourceTree = "<group>"; };
		00CE58662284504A0095637F /* CardView.swift */ = {isa = PBXFileReference; fileEncoding = 4; lastKnownFileType = sourcecode.swift; path = CardView.swift; sourceTree = "<group>"; };
		14E97DD30A49D4391D326844 /* Pods-Project Tes.release.xcconfig */ = {isa = PBXFileReference; includeInIndex = 1; lastKnownFileType = text.xcconfig; name = "Pods-Project Tes.release.xcconfig"; path = "Pods/Target Support Files/Pods-Project Tes/Pods-Project Tes.release.xcconfig"; sourceTree = "<group>"; };
		9DE706CF9C30F237A09AF4FF /* Pods-Project Tes.debug.xcconfig */ = {isa = PBXFileReference; includeInIndex = 1; lastKnownFileType = text.xcconfig; name = "Pods-Project Tes.debug.xcconfig"; path = "Pods/Target Support Files/Pods-Project Tes/Pods-Project Tes.debug.xcconfig"; sourceTree = "<group>"; };
		D4E44015193BF81F3B2DC587 /* Pods_Project_Tes.framework */ = {isa = PBXFileReference; explicitFileType = wrapper.framework; includeInIndex = 0; path = Pods_Project_Tes.framework; sourceTree = BUILT_PRODUCTS_DIR; };
/* End PBXFileReference section */

/* Begin PBXFrameworksBuildPhase section */
		004CC8B6228303CD0038EC21 /* Frameworks */ = {
			isa = PBXFrameworksBuildPhase;
			buildActionMask = 2147483647;
			files = (
				7B7A30BF7FCB23DCC6001383 /* Pods_Project_Tes.framework in Frameworks */,
			);
			runOnlyForDeploymentPostprocessing = 0;
		};
/* End PBXFrameworksBuildPhase section */

/* Begin PBXGroup section */
		004CC8B0228303CD0038EC21 = {
			isa = PBXGroup;
			children = (
				004CC8BB228303CD0038EC21 /* Project Tes */,
				004CC8BA228303CD0038EC21 /* Products */,
				0CDF304F2F0BDFEAB49D5B56 /* Pods */,
				3C2DF74916A2EA4A1DBFA0C7 /* Frameworks */,
			);
			sourceTree = "<group>";
		};
		004CC8BA228303CD0038EC21 /* Products */ = {
			isa = PBXGroup;
			children = (
				004CC8B9228303CD0038EC21 /* Project Tes.app */,
			);
			name = Products;
			sourceTree = "<group>";
		};
		004CC8BB228303CD0038EC21 /* Project Tes */ = {
			isa = PBXGroup;
			children = (
				004CC8CF2283047C0038EC21 /* Controller */,
				004CC8CE228304730038EC21 /* View */,
				004CC8BC228303CD0038EC21 /* AppDelegate.swift */,
				004CC8C3228303D00038EC21 /* Assets.xcassets */,
				004CC8C5228303D00038EC21 /* LaunchScreen.storyboard */,
				004CC8C8228303D00038EC21 /* Info.plist */,
			);
			path = "Project Tes";
			sourceTree = "<group>";
		};
		004CC8CE228304730038EC21 /* View */ = {
			isa = PBXGroup;
			children = (
				00CE58662284504A0095637F /* CardView.swift */,
				004CC8D2228304D90038EC21 /* BaseCollectionView.swift */,
				004CC8D422830C290038EC21 /* ListCaseCollectionViewCell.swift */,
				00CE58642284326E0095637F /* DetailView.swift */,
			);
			path = View;
			sourceTree = "<group>";
		};
		004CC8CF2283047C0038EC21 /* Controller */ = {
			isa = PBXGroup;
			children = (
				004CC8D0228304B50038EC21 /* ListCaseViewController.swift */,
				004CC8D6228311F40038EC21 /* DetailViewController.swift */,
			);
			path = Controller;
			sourceTree = "<group>";
		};
		0CDF304F2F0BDFEAB49D5B56 /* Pods */ = {
			isa = PBXGroup;
			children = (
				9DE706CF9C30F237A09AF4FF /* Pods-Project Tes.debug.xcconfig */,
				14E97DD30A49D4391D326844 /* Pods-Project Tes.release.xcconfig */,
			);
			name = Pods;
			sourceTree = "<group>";
		};
		3C2DF74916A2EA4A1DBFA0C7 /* Frameworks */ = {
			isa = PBXGroup;
			children = (
				D4E44015193BF81F3B2DC587 /* Pods_Project_Tes.framework */,
			);
			name = Frameworks;
			sourceTree = "<group>";
		};
/* End PBXGroup section */

/* Begin PBXNativeTarget section */
		004CC8B8228303CD0038EC21 /* Project Tes */ = {
			isa = PBXNativeTarget;
			buildConfigurationList = 004CC8CB228303D00038EC21 /* Build configuration list for PBXNativeTarget "Project Tes" */;
			buildPhases = (
				C067B211A0826A747CCC1FED /* [CP] Check Pods Manifest.lock */,
				004CC8B5228303CD0038EC21 /* Sources */,
				004CC8B6228303CD0038EC21 /* Frameworks */,
				004CC8B7228303CD0038EC21 /* Resources */,
				C5192813FAD114EF54506B00 /* [CP] Embed Pods Frameworks */,
			);
			buildRules = (
			);
			dependencies = (
			);
			name = "Project Tes";
			productName = "Project Tes";
			productReference = 004CC8B9228303CD0038EC21 /* Project Tes.app */;
			productType = "com.apple.product-type.application";
		};
/* End PBXNativeTarget section */

/* Begin PBXProject section */
		004CC8B1228303CD0038EC21 /* Project object */ = {
			isa = PBXProject;
			attributes = {
				LastSwiftUpdateCheck = 1010;
				LastUpgradeCheck = 1010;
				ORGANIZATIONNAME = "Mathlail Fajri";
				TargetAttributes = {
					004CC8B8228303CD0038EC21 = {
						CreatedOnToolsVersion = 10.1;
					};
				};
			};
			buildConfigurationList = 004CC8B4228303CD0038EC21 /* Build configuration list for PBXProject "Project Tes" */;
			compatibilityVersion = "Xcode 9.3";
			developmentRegion = en;
			hasScannedForEncodings = 0;
			knownRegions = (
				en,
				Base,
			);
			mainGroup = 004CC8B0228303CD0038EC21;
			productRefGroup = 004CC8BA228303CD0038EC21 /* Products */;
			projectDirPath = "";
			projectRoot = "";
			targets = (
				004CC8B8228303CD0038EC21 /* Project Tes */,
			);
		};
/* End PBXProject section */

/* Begin PBXResourcesBuildPhase section */
		004CC8B7228303CD0038EC21 /* Resources */ = {
			isa = PBXResourcesBuildPhase;
			buildActionMask = 2147483647;
			files = (
				004CC8C7228303D00038EC21 /* LaunchScreen.storyboard in Resources */,
				004CC8C4228303D00038EC21 /* Assets.xcassets in Resources */,
			);
			runOnlyForDeploymentPostprocessing = 0;
		};
/* End PBXResourcesBuildPhase section */

/* Begin PBXShellScriptBuildPhase section */
		C067B211A0826A747CCC1FED /* [CP] Check Pods Manifest.lock */ = {
			isa = PBXShellScriptBuildPhase;
			buildActionMask = 2147483647;
			files = (
			);
			inputFileListPaths = (
			);
			inputPaths = (
				"${PODS_PODFILE_DIR_PATH}/Podfile.lock",
				"${PODS_ROOT}/Manifest.lock",
			);
			name = "[CP] Check Pods Manifest.lock";
			outputFileListPaths = (
			);
			outputPaths = (
				"$(DERIVED_FILE_DIR)/Pods-Project Tes-checkManifestLockResult.txt",
			);
			runOnlyForDeploymentPostprocessing = 0;
			shellPath = /bin/sh;
			shellScript = "diff \"${PODS_PODFILE_DIR_PATH}/Podfile.lock\" \"${PODS_ROOT}/Manifest.lock\" > /dev/null\nif [ $? != 0 ] ; then\n    # print error to STDERR\n    echo \"error: The sandbox is not in sync with the Podfile.lock. Run 'pod install' or update your CocoaPods installation.\" >&2\n    exit 1\nfi\n# This output is used by Xcode 'outputs' to avoid re-running this script phase.\necho \"SUCCESS\" > \"${SCRIPT_OUTPUT_FILE_0}\"\n";
			showEnvVarsInLog = 0;
		};
		C5192813FAD114EF54506B00 /* [CP] Embed Pods Frameworks */ = {
			isa = PBXShellScriptBuildPhase;
			buildActionMask = 2147483647;
			files = (
			);
			inputFileListPaths = (
			);
			inputPaths = (
				"${SRCROOT}/Pods/Target Support Files/Pods-Project Tes/Pods-Project Tes-frameworks.sh",
				"${BUILT_PRODUCTS_DIR}/ChameleonFramework/ChameleonFramework.framework",
				"${BUILT_PRODUCTS_DIR}/Hero/Hero.framework",
				"${BUILT_PRODUCTS_DIR}/SnapKit/SnapKit.framework",
				"${BUILT_PRODUCTS_DIR}/TextFieldEffects/TextFieldEffects.framework",
			);
			name = "[CP] Embed Pods Frameworks";
			outputFileListPaths = (
			);
			outputPaths = (
				"${TARGET_BUILD_DIR}/${FRAMEWORKS_FOLDER_PATH}/ChameleonFramework.framework",
				"${TARGET_BUILD_DIR}/${FRAMEWORKS_FOLDER_PATH}/Hero.framework",
				"${TARGET_BUILD_DIR}/${FRAMEWORKS_FOLDER_PATH}/SnapKit.framework",
				"${TARGET_BUILD_DIR}/${FRAMEWORKS_FOLDER_PATH}/TextFieldEffects.framework",
			);
			runOnlyForDeploymentPostprocessing = 0;
			shellPath = /bin/sh;
			shellScript = "\"${SRCROOT}/Pods/Target Support Files/Pods-Project Tes/Pods-Project Tes-frameworks.sh\"\n";
			showEnvVarsInLog = 0;
		};
/* End PBXShellScriptBuildPhase section */

/* Begin PBXSourcesBuildPhase section */
		004CC8B5228303CD0038EC21 /* Sources */ = {
			isa = PBXSourcesBuildPhase;
			buildActionMask = 2147483647;
			files = (
				00CE58672284504A0095637F /* CardView.swift in Sources */,
				004CC8D522830C290038EC21 /* ListCaseCollectionViewCell.swift in Sources */,
				00CE58652284326E0095637F /* DetailView.swift in Sources */,
				004CC8D1228304B50038EC21 /* ListCaseViewController.swift in Sources */,
				004CC8D7228311F40038EC21 /* DetailViewController.swift in Sources */,
				004CC8BD228303CD0038EC21 /* AppDelegate.swift in Sources */,
				004CC8D3228304D90038EC21 /* BaseCollectionView.swift in Sources */,
			);
			runOnlyForDeploymentPostprocessing = 0;
		};
/* End PBXSourcesBuildPhase section */

/* Begin PBXVariantGroup section */
		004CC8C5228303D00038EC21 /* LaunchScreen.storyboard */ = {
			isa = PBXVariantGroup;
			children = (
				004CC8C6228303D00038EC21 /* Base */,
			);
			name = LaunchScreen.storyboard;
			sourceTree = "<group>";
		};
/* End PBXVariantGroup section */

/* Begin XCBuildConfiguration section */
		004CC8C9228303D00038EC21 /* Debug */ = {
			isa = XCBuildConfiguration;
			buildSettings = {
				ALWAYS_SEARCH_USER_PATHS = NO;
				CLANG_ANALYZER_NONNULL = YES;
				CLANG_ANALYZER_NUMBER_OBJECT_CONVERSION = YES_AGGRESSIVE;
				CLANG_CXX_LANGUAGE_STANDARD = "gnu++14";
				CLANG_CXX_LIBRARY = "libc++";
				CLANG_ENABLE_MODULES = YES;
				CLANG_ENABLE_OBJC_ARC = YES;
				CLANG_ENABLE_OBJC_WEAK = YES;
				CLANG_WARN_BLOCK_CAPTURE_AUTORELEASING = YES;
				CLANG_WARN_BOOL_CONVERSION = YES;
				CLANG_WARN_COMMA = YES;
				CLANG_WARN_CONSTANT_CONVERSION = YES;
				CLANG_WARN_DEPRECATED_OBJC_IMPLEMENTATIONS = YES;
				CLANG_WARN_DIRECT_OBJC_ISA_USAGE = YES_ERROR;
				CLANG_WARN_DOCUMENTATION_COMMENTS = YES;
				CLANG_WARN_EMPTY_BODY = YES;
				CLANG_WARN_ENUM_CONVERSION = YES;
				CLANG_WARN_INFINITE_RECURSION = YES;
				CLANG_WARN_INT_CONVERSION = YES;
				CLANG_WARN_NON_LITERAL_NULL_CONVERSION = YES;
				CLANG_WARN_OBJC_IMPLICIT_RETAIN_SELF = YES;
				CLANG_WARN_OBJC_LITERAL_CONVERSION = YES;
				CLANG_WARN_OBJC_ROOT_CLASS = YES_ERROR;
				CLANG_WARN_RANGE_LOOP_ANALYSIS = YES;
				CLANG_WARN_STRICT_PROTOTYPES = YES;
				CLANG_WARN_SUSPICIOUS_MOVE = YES;
				CLANG_WARN_UNGUARDED_AVAILABILITY = YES_AGGRESSIVE;
				CLANG_WARN_UNREACHABLE_CODE = YES;
				CLANG_WARN__DUPLICATE_METHOD_MATCH = YES;
				CODE_SIGN_IDENTITY = "iPhone Developer";
				COPY_PHASE_STRIP = NO;
				DEBUG_INFORMATION_FORMAT = dwarf;
				ENABLE_STRICT_OBJC_MSGSEND = YES;
				ENABLE_TESTABILITY = YES;
				GCC_C_LANGUAGE_STANDARD = gnu11;
				GCC_DYNAMIC_NO_PIC = NO;
				GCC_NO_COMMON_BLOCKS = YES;
				GCC_OPTIMIZATION_LEVEL = 0;
				GCC_PREPROCESSOR_DEFINITIONS = (
					"DEBUG=1",
					"$(inherited)",
				);
				GCC_WARN_64_TO_32_BIT_CONVERSION = YES;
				GCC_WARN_ABOUT_RETURN_TYPE = YES_ERROR;
				GCC_WARN_UNDECLARED_SELECTOR = YES;
				GCC_WARN_UNINITIALIZED_AUTOS = YES_AGGRESSIVE;
				GCC_WARN_UNUSED_FUNCTION = YES;
				GCC_WARN_UNUSED_VARIABLE = YES;
				IPHONEOS_DEPLOYMENT_TARGET = 12.1;
				MTL_ENABLE_DEBUG_INFO = INCLUDE_SOURCE;
				MTL_FAST_MATH = YES;
				ONLY_ACTIVE_ARCH = YES;
				SDKROOT = iphoneos;
				SWIFT_ACTIVE_COMPILATION_CONDITIONS = DEBUG;
				SWIFT_OPTIMIZATION_LEVEL = "-Onone";
			};
			name = Debug;
		};
		004CC8CA228303D00038EC21 /* Release */ = {
			isa = XCBuildConfiguration;
			buildSettings = {
				ALWAYS_SEARCH_USER_PATHS = NO;
				CLANG_ANALYZER_NONNULL = YES;
				CLANG_ANALYZER_NUMBER_OBJECT_CONVERSION = YES_AGGRESSIVE;
				CLANG_CXX_LANGUAGE_STANDARD = "gnu++14";
				CLANG_CXX_LIBRARY = "libc++";
				CLANG_ENABLE_MODULES = YES;
				CLANG_ENABLE_OBJC_ARC = YES;
				CLANG_ENABLE_OBJC_WEAK = YES;
				CLANG_WARN_BLOCK_CAPTURE_AUTORELEASING = YES;
				CLANG_WARN_BOOL_CONVERSION = YES;
				CLANG_WARN_COMMA = YES;
				CLANG_WARN_CONSTANT_CONVERSION = YES;
				CLANG_WARN_DEPRECATED_OBJC_IMPLEMENTATIONS = YES;
				CLANG_WARN_DIRECT_OBJC_ISA_USAGE = YES_ERROR;
				CLANG_WARN_DOCUMENTATION_COMMENTS = YES;
				CLANG_WARN_EMPTY_BODY = YES;
				CLANG_WARN_ENUM_CONVERSION = YES;
				CLANG_WARN_INFINITE_RECURSION = YES;
				CLANG_WARN_INT_CONVERSION = YES;
				CLANG_WARN_NON_LITERAL_NULL_CONVERSION = YES;
				CLANG_WARN_OBJC_IMPLICIT_RETAIN_SELF = YES;
				CLANG_WARN_OBJC_LITERAL_CONVERSION = YES;
				CLANG_WARN_OBJC_ROOT_CLASS = YES_ERROR;
				CLANG_WARN_RANGE_LOOP_ANALYSIS = YES;
				CLANG_WARN_STRICT_PROTOTYPES = YES;
				CLANG_WARN_SUSPICIOUS_MOVE = YES;
				CLANG_WARN_UNGUARDED_AVAILABILITY = YES_AGGRESSIVE;
				CLANG_WARN_UNREACHABLE_CODE = YES;
				CLANG_WARN__DUPLICATE_METHOD_MATCH = YES;
				CODE_SIGN_IDENTITY = "iPhone Developer";
				COPY_PHASE_STRIP = NO;
				DEBUG_INFORMATION_FORMAT = "dwarf-with-dsym";
				ENABLE_NS_ASSERTIONS = NO;
				ENABLE_STRICT_OBJC_MSGSEND = YES;
				GCC_C_LANGUAGE_STANDARD = gnu11;
				GCC_NO_COMMON_BLOCKS = YES;
				GCC_WARN_64_TO_32_BIT_CONVERSION = YES;
				GCC_WARN_ABOUT_RETURN_TYPE = YES_ERROR;
				GCC_WARN_UNDECLARED_SELECTOR = YES;
				GCC_WARN_UNINITIALIZED_AUTOS = YES_AGGRESSIVE;
				GCC_WARN_UNUSED_FUNCTION = YES;
				GCC_WARN_UNUSED_VARIABLE = YES;
				IPHONEOS_DEPLOYMENT_TARGET = 12.1;
				MTL_ENABLE_DEBUG_INFO = NO;
				MTL_FAST_MATH = YES;
				SDKROOT = iphoneos;
				SWIFT_COMPILATION_MODE = wholemodule;
				SWIFT_OPTIMIZATION_LEVEL = "-O";
				VALIDATE_PRODUCT = YES;
			};
			name = Release;
		};
		004CC8CC228303D00038EC21 /* Debug */ = {
			isa = XCBuildConfiguration;
			baseConfigurationReference = 9DE706CF9C30F237A09AF4FF /* Pods-Project Tes.debug.xcconfig */;
			buildSettings = {
				ASSETCATALOG_COMPILER_APPICON_NAME = AppIcon;
				CODE_SIGN_STYLE = Automatic;
				DEVELOPMENT_TEAM = SGQ43Q2WLN;
				INFOPLIST_FILE = "Project Tes/Info.plist";
				LD_RUNPATH_SEARCH_PATHS = (
					"$(inherited)",
					"@executable_path/Frameworks",
				);
				PRODUCT_BUNDLE_IDENTIFIER = "com.Mathlail-Fajri.Project-Tes";
				PRODUCT_NAME = "$(TARGET_NAME)";
				SWIFT_VERSION = 4.2;
				TARGETED_DEVICE_FAMILY = "1,2";
			};
			name = Debug;
		};
		004CC8CD228303D00038EC21 /* Release */ = {
			isa = XCBuildConfiguration;
			baseConfigurationReference = 14E97DD30A49D4391D326844 /* Pods-Project Tes.release.xcconfig */;
			buildSettings = {
				ASSETCATALOG_COMPILER_APPICON_NAME = AppIcon;
				CODE_SIGN_STYLE = Automatic;
				DEVELOPMENT_TEAM = SGQ43Q2WLN;
				INFOPLIST_FILE = "Project Tes/Info.plist";
				LD_RUNPATH_SEARCH_PATHS = (
					"$(inherited)",
					"@executable_path/Frameworks",
				);
				PRODUCT_BUNDLE_IDENTIFIER = "com.Mathlail-Fajri.Project-Tes";
				PRODUCT_NAME = "$(TARGET_NAME)";
				SWIFT_VERSION = 4.2;
				TARGETED_DEVICE_FAMILY = "1,2";
			};
			name = Release;
		};
/* End XCBuildConfiguration section */

/* Begin XCConfigurationList section */
		004CC8B4228303CD0038EC21 /* Build configuration list for PBXProject "Project Tes" */ = {
			isa = XCConfigurationList;
			buildConfigurations = (
				004CC8C9228303D00038EC21 /* Debug */,
				004CC8CA228303D00038EC21 /* Release */,
			);
			defaultConfigurationIsVisible = 0;
			defaultConfigurationName = Release;
		};
		004CC8CB228303D00038EC21 /* Build configuration list for PBXNativeTarget "Project Tes" */ = {
			isa = XCConfigurationList;
			buildConfigurations = (
				004CC8CC228303D00038EC21 /* Debug */,
				004CC8CD228303D00038EC21 /* Release */,
			);
			defaultConfigurationIsVisible = 0;
			defaultConfigurationName = Release;
		};
/* End XCConfigurationList section */
	};
	rootObject = 004CC8B1228303CD0038EC21 /* Project object */;
}
